PODS:
  - 1PasswordExtension (1.6.4)
  - AFNetworking (2.6.3):
    - AFNetworking/NSURLConnection (= 2.6.3)
    - AFNetworking/NSURLSession (= 2.6.3)
    - AFNetworking/Reachability (= 2.6.3)
    - AFNetworking/Security (= 2.6.3)
    - AFNetworking/Serialization (= 2.6.3)
    - AFNetworking/UIKit (= 2.6.3)
  - AFNetworking/NSURLConnection (2.6.3):
    - AFNetworking/Reachability
    - AFNetworking/Security
    - AFNetworking/Serialization
  - AFNetworking/NSURLSession (2.6.3):
    - AFNetworking/Reachability
    - AFNetworking/Security
    - AFNetworking/Serialization
  - AFNetworking/Reachability (2.6.3)
  - AFNetworking/Security (2.6.3)
  - AFNetworking/Serialization (2.6.3)
  - AFNetworking/UIKit (2.6.3):
    - AFNetworking/NSURLConnection
    - AFNetworking/NSURLSession
  - CompactConstraint (0.1.0)
  - CWStatusBarNotification (2.3.3)
  - DateTools (1.7.0)
  - JGProgressHUD (1.3.1)
  - MGSwipeTableCell (1.5.3)
  - ObjectiveRecord (1.5.0):
    - ObjectiveSugar
  - ObjectiveSugar (1.1.0)
  - SDWebImage (3.7.3):
    - SDWebImage/Core (= 3.7.3)
  - SDWebImage/Core (3.7.3)
  - SSKeychain (1.2.3)

DEPENDENCIES:
  - 1PasswordExtension
  - AFNetworking
  - CompactConstraint
  - CWStatusBarNotification
  - DateTools
  - JGProgressHUD
  - MGSwipeTableCell
  - ObjectiveRecord
  - SDWebImage
  - SSKeychain

SPEC CHECKSUMS:
  1PasswordExtension: 9f471645d378283cb88c6d4bf502e4381a42c0ad
  AFNetworking: cb8d14a848e831097108418f5d49217339d4eb60
  CompactConstraint: 562187c821afcc510536a3df799a16c25bea3d9b
  CWStatusBarNotification: 2349142e97c9f16fb8247ed3c00308cd355d334b
  DateTools: 53288ee8b905fdc75897a1e6b5cc0144b14cba60
  JGProgressHUD: 153053a21d81208cb5f659691996bcefce6a9885
  MGSwipeTableCell: 5ae3b9a15efda26b201adc8676b24040febe6ff6
  ObjectiveRecord: f290d17272e476b3c881300910e98284200c54b6
  ObjectiveSugar: a6a25f23d657c19df0a0b972466d5b5ca9f5295c
  SDWebImage: 1d2b1a1efda1ade1b00b6f8498865f8ddedc8a84
  SSKeychain: 3f42991739c6c60a9cf1bbd4dff6c0d3694bcf3d

COCOAPODS: 0.38.2
